
Microsoft Visual Studio Solution File, Format Version 12.00
# Visual Studio Version 17
VisualStudioVersion = 17.11.35312.102
MinimumVisualStudioVersion = 10.0.40219.1
Project("{FAE04EC0-301F-11D3-BF4B-00C04F79EFBC}") = "AllupProject", "AllupProject\AllupProject.csproj", "{BB060653-A66F-4BA7-AA6B-5B0163D49335}"
EndProject
Global
	GlobalSection(SolutionConfigurationPlatforms) = preSolution
		Debug|Any CPU = Debug|Any CPU
		Release|Any CPU = Release|Any CPU
	EndGlobalSection
	GlobalSection(ProjectConfigurationPlatforms) = postSolution
		{BB060653-A66F-4BA7-AA6B-5B0163D49335}.Debug|Any CPU.ActiveCfg = Debug|Any CPU
		{BB060653-A66F-4BA7-AA6B-5B0163D49335}.Debug|Any CPU.Build.0 = Debug|Any CPU
		{BB060653-A66F-4BA7-AA6B-5B0163D49335}.Release|Any CPU.ActiveCfg = Release|Any CPU
		{BB060653-A66F-4BA7-AA6B-5B0163D49335}.Release|Any CPU.Build.0 = Release|Any CPU
	EndGlobalSection
	GlobalSection(SolutionProperties) = preSolution
		HideSolutionNode = FALSE
	EndGlobalSection
	GlobalSection(ExtensibilityGlobals) = postSolution
		SolutionGuid = {50640268-66C1-4655-8BCC-7FE21B32CF97}
	EndGlobalSection
EndGlobal
